
Microsoft Visual Studio Solution File, Format Version 11.00
# Visual Studio 2010
# SharpDevelop 4.3
Project("{2150E333-8FDC-42A3-9474-1A3956D46DE8}") = "Lib", "Lib", "{1FFC1EC1-B14E-4789-A50A-895DB7752F7C}"
	ProjectSection(SolutionItems) = postProject
	EndProjectSection
EndProject
Project("{2150E333-8FDC-42A3-9474-1A3956D46DE8}") = "Common-Themes", "Common-Themes", "{C3CB41FC-D777-48F9-A7F3-095F97862545}"
	ProjectSection(SolutionItems) = preProject
		..\..\..\CS_GIT.External\npe\PackageExplorer\Xaml\Toolbar.xaml = ..\..\..\CS_GIT.External\npe\PackageExplorer\Xaml\Toolbar.xaml
	EndProjectSection
EndProject
Project("{2150E333-8FDC-42A3-9474-1A3956D46DE8}") = "Flash External Interfaec NET", "Flash External Interfaec NET", "{AB3B1751-494A-460C-864D-7BA1D062099E}"
	ProjectSection(SolutionItems) = postProject
	EndProjectSection
EndProject
Project("{FAE04EC0-301F-11D3-BF4B-00C04F79EFBC}") = "Flash.External", "..\Source\Flash.External.Wpf\Flash.External.csproj", "{AB041EE6-6DDF-4DD6-BFCF-08154CFDEA3B}"
EndProject
Project("{FAE04EC0-301F-11D3-BF4B-00C04F79EFBC}") = "wpv", "..\Source\Flash.External.Wpf\wpv.csproj", "{F92EC480-32B6-47C0-8288-7D1B85426EB9}"
EndProject
Project("{2150E333-8FDC-42A3-9474-1A3956D46DE8}") = "Flash External Interface WPF", "Flash External Interface WPF", "{7E936EBA-F7E1-4B51-9BD6-4D93EED6F728}"
	ProjectSection(SolutionItems) = postProject
	EndProjectSection
EndProject
Project("{FAE04EC0-301F-11D3-BF4B-00C04F79EFBC}") = "Flash.External", "..\Source\Flash.External\Flash.External.csproj", "{C7241536-D19E-4599-9F1D-E0428848C5BE}"
EndProject
Project("{2150E333-8FDC-42A3-9474-1A3956D46DE8}") = "Resources", "Resources", "{3C05A3D4-B6F2-412C-B951-83B9A2DD1056}"
	ProjectSection(SolutionItems) = postProject
	EndProjectSection
EndProject
Project("{FAE04EC0-301F-11D3-BF4B-00C04F79EFBC}") = "fam3", "..\Source\fam3\fam3.csproj", "{A07BE2CF-37E8-469B-A153-BCC31BD8B1F9}"
EndProject
Project("{FAE04EC0-301F-11D3-BF4B-00C04F79EFBC}") = "System.Cor3.Stock", "..\Source\System.Cor3.Stock\System.Cor3.Stock.csproj", "{0C32A40F-AC79-4F7E-8EC2-D7EE73AB9F5A}"
EndProject
Project("{2150E333-8FDC-42A3-9474-1A3956D46DE8}") = "TheCore", "TheCore", "{3380735E-FA81-4805-8C7C-A290D34E32E1}"
	ProjectSection(SolutionItems) = postProject
	EndProjectSection
EndProject
Project("{FAE04EC0-301F-11D3-BF4B-00C04F79EFBC}") = "System.Cor3.Data-Net40", "..\Source\Cor3.Data\System.Cor3.Data-Net40.csproj", "{B6C8B1F2-AE75-4D7A-8DAC-2B5EEF7EBE41}"
EndProject
Project("{FAE04EC0-301F-11D3-BF4B-00C04F79EFBC}") = "System.Cor3.Parsers-Net40", "..\Source\System.Cor3.Parsers\System.Cor3.Parsers-Net40.csproj", "{B438CDBD-C575-4F50-A768-48B9C3CA6E0F}"
EndProject
Project("{2150E333-8FDC-42A3-9474-1A3956D46DE8}") = "Generator", "Generator", "{54EC3E2E-408E-4A13-8162-D9CD70BE2777}"
	ProjectSection(SolutionItems) = postProject
	EndProjectSection
EndProject
Project("{FAE04EC0-301F-11D3-BF4B-00C04F79EFBC}") = "Generator.Lib.Clone", "..\Source-Tools\GenaratorLib.Clone\Generator.Lib.Clone.csproj", "{0BAC8C1D-9291-4185-9E4D-2604F148A7DC}"
EndProject
Project("{2150E333-8FDC-42A3-9474-1A3956D46DE8}") = "System.Windows.Forms", "System.Windows.Forms", "{9D86FD28-BCEF-4C07-9F9D-9ECD5E554E0D}"
	ProjectSection(SolutionItems) = postProject
	EndProjectSection
EndProject
Project("{FAE04EC0-301F-11D3-BF4B-00C04F79EFBC}") = "System.Cor3.Forms-Net40", "..\Source\Cor3.Forms\System.Cor3.Forms-Net40.csproj", "{79F0A1BB-7F87-4FFD-A539-5C9D9FFE53DA}"
EndProject
Project("{FAE04EC0-301F-11D3-BF4B-00C04F79EFBC}") = "System.Cor3.Fx-Net40", "..\Source\Cor3.Fx\System.Cor3.Fx-Net40.csproj", "{AED7350C-9824-43EF-A8F6-6130689D0CE2}"
EndProject
Project("{2150E333-8FDC-42A3-9474-1A3956D46DE8}") = "NamedObject", "NamedObject", "{D0E5B560-A940-49A5-BFEC-B07D83134205}"
	ProjectSection(SolutionItems) = postProject
	EndProjectSection
EndProject
Project("{FAE04EC0-301F-11D3-BF4B-00C04F79EFBC}") = "System.Cor3.Host-Net40", "..\Source\libhost\System.Cor3.Host-Net40.csproj", "{C4E60BEC-66F8-4CAA-9C31-51016DA197F0}"
EndProject
Project("{FAE04EC0-301F-11D3-BF4B-00C04F79EFBC}") = "System.Cor3.Cml", "..\Source\libcml\System.Cor3.Cml.csproj", "{96CA82E5-2954-4018-9856-84FC505828F9}"
EndProject
Project("{2150E333-8FDC-42A3-9474-1A3956D46DE8}") = "Microsoft.Windows.Controls", "Microsoft.Windows.Controls", "{3A4AB2F0-073C-459F-9967-CD3EF9D4CA66}"
	ProjectSection(SolutionItems) = postProject
	EndProjectSection
EndProject
Project("{FAE04EC0-301F-11D3-BF4B-00C04F79EFBC}") = "System.Cor3.WPF", "..\Source\System.Cor3.WPF\System.Cor3.WPF.csproj", "{BBE68064-EE1D-46BA-843C-E0C8152A32CB}"
EndProject
Project("{2150E333-8FDC-42A3-9474-1A3956D46DE8}") = "Miscelaneous", "Miscelaneous", "{33E43008-FE95-48A2-8979-EC111BC8345A}"
	ProjectSection(SolutionItems) = postProject
	EndProjectSection
EndProject
Project("{FAE04EC0-301F-11D3-BF4B-00C04F79EFBC}") = "System.Cor3.Build-Net40", "..\Source\Cor3.Build\System.Cor3.Build-Net40.csproj", "{9BF81659-2AC6-4DA8-8E2E-A597294C9C36}"
EndProject
Project("{FAE04EC0-301F-11D3-BF4B-00C04F79EFBC}") = "System.Cor3.DesignServices-Net40", "..\Source\Cor3.DesignServices\System.Cor3.DesignServices-Net40.csproj", "{A1DD399A-AC1B-4CAA-B0EA-9A5C2FA08E48}"
EndProject
Project("{FAE04EC0-301F-11D3-BF4B-00C04F79EFBC}") = "System.Cor3.IO-Net40", "..\Source\System.Cor3.IO\System.Cor3.IO-Net40.csproj", "{88AC6CBE-FBDF-45FB-8F89-634D460CE008}"
EndProject
Project("{FAE04EC0-301F-11D3-BF4B-00C04F79EFBC}") = "Windows.CommonControls.Interop", "..\Source\Windows.CommonControls.Interop\Windows.CommonControls.Interop.csproj", "{13E3EB0C-80B7-4600-8BFA-777928E1934E}"
EndProject
Project("{2150E333-8FDC-42A3-9474-1A3956D46DE8}") = "WEB2.0", "WEB2.0", "{211F2E80-19B4-4E24-AE1F-D904D068929D}"
	ProjectSection(SolutionItems) = postProject
	EndProjectSection
EndProject
Project("{FAE04EC0-301F-11D3-BF4B-00C04F79EFBC}") = "System.Cor3.Mvc2", "..\Source\System.Cor3.Mvc (Version 2.0)\System.Cor3.Mvc2.csproj", "{F90F6CF5-C505-4411-93A9-90F1A2BA7D7D}"
EndProject
Project("{FAE04EC0-301F-11D3-BF4B-00C04F79EFBC}") = "System.Cor3.Mvc.Extensions-Net35", "..\Source\System.Cor3.Mvc.Extensions\System.Cor3.Mvc.Extensions-Net35.csproj", "{F5AD5DF9-E118-40E8-AF74-16F52FC567C0}"
EndProject
Project("{2150E333-8FDC-42A3-9474-1A3956D46DE8}") = "WEB4.0", "WEB4.0", "{7B96077F-2829-41BD-8EB1-0CD90A87AA37}"
	ProjectSection(SolutionItems) = postProject
	EndProjectSection
EndProject
Project("{FAE04EC0-301F-11D3-BF4B-00C04F79EFBC}") = "System.Cor3.Mvc3", "..\Source\System.Cor3.Mvc (Version 3.0)\System.Cor3.Mvc3.csproj", "{785C74BE-62DA-4846-961D-FF3858A99265}"
EndProject
Project("{FAE04EC0-301F-11D3-BF4B-00C04F79EFBC}") = "System.Cor3.Mvc.Extensions-Net40", "..\Source\System.Cor3.Mvc.Extensions\System.Cor3.Mvc.Extensions-Net40.csproj", "{A38FC2F0-553F-4787-8C5E-B0EEF197003A}"
EndProject
Project("{2150E333-8FDC-42A3-9474-1A3956D46DE8}") = "Connections", "Connections", "{989403E2-A953-40D1-B00A-0B9517929649}"
	ProjectSection(SolutionItems) = postProject
	EndProjectSection
EndProject
Project("{FAE04EC0-301F-11D3-BF4B-00C04F79EFBC}") = "System.Cor3.Rpc-Net40", "..\Source\System.Cor3.Rpc\System.Cor3.Rpc-Net40.csproj", "{10E3635E-3873-4D13-9903-C697FBA53E9A}"
EndProject
Project("{FAE04EC0-301F-11D3-BF4B-00C04F79EFBC}") = "System.Cor3.SocketLib", "..\Source\System.Cor3.SocketLib\System.Cor3.SocketLib.csproj", "{6DF07C82-B762-4FB6-A27B-B55E7A5FCB90}"
EndProject
Project("{2150E333-8FDC-42A3-9474-1A3956D46DE8}") = "WEB1.0", "WEB1.0", "{6F371B2C-CDAC-40FD-BDE2-368740EE33EF}"
	ProjectSection(SolutionItems) = postProject
	EndProjectSection
EndProject
Project("{FAE04EC0-301F-11D3-BF4B-00C04F79EFBC}") = "System.Cor3.Web", "..\Source\System.Cor3.Web\System.Cor3.Web.csproj", "{7B583711-C669-42C7-9CB8-5095F55EEB68}"
EndProject
Project("{2150E333-8FDC-42A3-9474-1A3956D46DE8}") = "IncludesLibrary", "IncludesLibrary", "{2DCAB7F4-09A2-46AB-AF71-5F42637C0EBA}"
	ProjectSection(SolutionItems) = preProject
		ClipboardMonitorService.cs = ClipboardMonitorService.cs
		Disconnecter.cs = Disconnecter.cs
		quickbuildtool.exe.cs = quickbuildtool.exe.cs
		UriExtensions.cs = UriExtensions.cs
		UriHacks.cs = UriHacks.cs
		..\Source-Tools\ResXmlTool\Source\Commander.cs = ..\Source-Tools\ResXmlTool\Source\Commander.cs
	EndProjectSection
EndProject
Project("{FAE04EC0-301F-11D3-BF4B-00C04F79EFBC}") = "System.Cor3-Net20", "..\Source\Cor3.Core\System.Cor3-Net20.csproj", "{A2CF282B-96A1-4B49-AAA2-4E3711F7D8A3}"
EndProject
Project("{FAE04EC0-301F-11D3-BF4B-00C04F79EFBC}") = "System.Cor3-Net40", "..\Source\Cor3.Core\System.Cor3-Net40.csproj", "{4549918E-94E0-4911-BBBA-99838A215302}"
EndProject
Global
	GlobalSection(SolutionConfigurationPlatforms) = preSolution
		Debug|Any CPU = Debug|Any CPU
		Release|Any CPU = Release|Any CPU
	EndGlobalSection
	GlobalSection(ProjectConfigurationPlatforms) = postSolution
		{AB041EE6-6DDF-4DD6-BFCF-08154CFDEA3B}.Debug|Any CPU.ActiveCfg = Debug|Any CPU
		{AB041EE6-6DDF-4DD6-BFCF-08154CFDEA3B}.Debug|Any CPU.Build.0 = Debug|Any CPU
		{AB041EE6-6DDF-4DD6-BFCF-08154CFDEA3B}.Release|Any CPU.ActiveCfg = Release|Any CPU
		{AB041EE6-6DDF-4DD6-BFCF-08154CFDEA3B}.Release|Any CPU.Build.0 = Release|Any CPU
		{F92EC480-32B6-47C0-8288-7D1B85426EB9}.Debug|Any CPU.ActiveCfg = Debug|Any CPU
		{F92EC480-32B6-47C0-8288-7D1B85426EB9}.Debug|Any CPU.Build.0 = Debug|Any CPU
		{F92EC480-32B6-47C0-8288-7D1B85426EB9}.Release|Any CPU.ActiveCfg = Release|Any CPU
		{F92EC480-32B6-47C0-8288-7D1B85426EB9}.Release|Any CPU.Build.0 = Release|Any CPU
		{C7241536-D19E-4599-9F1D-E0428848C5BE}.Debug|Any CPU.ActiveCfg = Debug|Any CPU
		{C7241536-D19E-4599-9F1D-E0428848C5BE}.Debug|Any CPU.Build.0 = Debug|Any CPU
		{C7241536-D19E-4599-9F1D-E0428848C5BE}.Release|Any CPU.ActiveCfg = Release|Any CPU
		{C7241536-D19E-4599-9F1D-E0428848C5BE}.Release|Any CPU.Build.0 = Release|Any CPU
		{A07BE2CF-37E8-469B-A153-BCC31BD8B1F9}.Debug|Any CPU.ActiveCfg = Debug|Any CPU
		{A07BE2CF-37E8-469B-A153-BCC31BD8B1F9}.Debug|Any CPU.Build.0 = Debug|Any CPU
		{A07BE2CF-37E8-469B-A153-BCC31BD8B1F9}.Release|Any CPU.ActiveCfg = Release|Any CPU
		{A07BE2CF-37E8-469B-A153-BCC31BD8B1F9}.Release|Any CPU.Build.0 = Release|Any CPU
		{0C32A40F-AC79-4F7E-8EC2-D7EE73AB9F5A}.Debug|Any CPU.ActiveCfg = Debug|Any CPU
		{0C32A40F-AC79-4F7E-8EC2-D7EE73AB9F5A}.Debug|Any CPU.Build.0 = Debug|Any CPU
		{0C32A40F-AC79-4F7E-8EC2-D7EE73AB9F5A}.Release|Any CPU.ActiveCfg = Release|Any CPU
		{0C32A40F-AC79-4F7E-8EC2-D7EE73AB9F5A}.Release|Any CPU.Build.0 = Release|Any CPU
		{A2CF282B-96A1-4B49-AAA2-4E3711F7D8A3}.Debug|Any CPU.ActiveCfg = Debug|Any CPU
		{A2CF282B-96A1-4B49-AAA2-4E3711F7D8A3}.Debug|Any CPU.Build.0 = Debug|Any CPU
		{A2CF282B-96A1-4B49-AAA2-4E3711F7D8A3}.Release|Any CPU.ActiveCfg = Release|Any CPU
		{A2CF282B-96A1-4B49-AAA2-4E3711F7D8A3}.Release|Any CPU.Build.0 = Release|Any CPU
		{4549918E-94E0-4911-BBBA-99838A215302}.Debug|Any CPU.ActiveCfg = Debug|Any CPU
		{4549918E-94E0-4911-BBBA-99838A215302}.Debug|Any CPU.Build.0 = Debug|Any CPU
		{4549918E-94E0-4911-BBBA-99838A215302}.Release|Any CPU.ActiveCfg = Release|Any CPU
		{4549918E-94E0-4911-BBBA-99838A215302}.Release|Any CPU.Build.0 = Release|Any CPU
		{B6C8B1F2-AE75-4D7A-8DAC-2B5EEF7EBE41}.Debug|Any CPU.ActiveCfg = Debug|Any CPU
		{B6C8B1F2-AE75-4D7A-8DAC-2B5EEF7EBE41}.Debug|Any CPU.Build.0 = Debug|Any CPU
		{B6C8B1F2-AE75-4D7A-8DAC-2B5EEF7EBE41}.Release|Any CPU.ActiveCfg = Release|Any CPU
		{B6C8B1F2-AE75-4D7A-8DAC-2B5EEF7EBE41}.Release|Any CPU.Build.0 = Release|Any CPU
		{0BAC8C1D-9291-4185-9E4D-2604F148A7DC}.Debug|Any CPU.ActiveCfg = Debug|Any CPU
		{0BAC8C1D-9291-4185-9E4D-2604F148A7DC}.Debug|Any CPU.Build.0 = Debug|Any CPU
		{0BAC8C1D-9291-4185-9E4D-2604F148A7DC}.Release|Any CPU.ActiveCfg = Release|Any CPU
		{0BAC8C1D-9291-4185-9E4D-2604F148A7DC}.Release|Any CPU.Build.0 = Release|Any CPU
		{79F0A1BB-7F87-4FFD-A539-5C9D9FFE53DA}.Debug|Any CPU.ActiveCfg = Debug|Any CPU
		{79F0A1BB-7F87-4FFD-A539-5C9D9FFE53DA}.Debug|Any CPU.Build.0 = Debug|Any CPU
		{79F0A1BB-7F87-4FFD-A539-5C9D9FFE53DA}.Release|Any CPU.ActiveCfg = Release|Any CPU
		{79F0A1BB-7F87-4FFD-A539-5C9D9FFE53DA}.Release|Any CPU.Build.0 = Release|Any CPU
		{AED7350C-9824-43EF-A8F6-6130689D0CE2}.Debug|Any CPU.ActiveCfg = Debug|Any CPU
		{AED7350C-9824-43EF-A8F6-6130689D0CE2}.Debug|Any CPU.Build.0 = Debug|Any CPU
		{AED7350C-9824-43EF-A8F6-6130689D0CE2}.Release|Any CPU.ActiveCfg = Release|Any CPU
		{AED7350C-9824-43EF-A8F6-6130689D0CE2}.Release|Any CPU.Build.0 = Release|Any CPU
		{B438CDBD-C575-4F50-A768-48B9C3CA6E0F}.Debug|Any CPU.ActiveCfg = Debug|Any CPU
		{B438CDBD-C575-4F50-A768-48B9C3CA6E0F}.Debug|Any CPU.Build.0 = Debug|Any CPU
		{B438CDBD-C575-4F50-A768-48B9C3CA6E0F}.Release|Any CPU.ActiveCfg = Release|Any CPU
		{B438CDBD-C575-4F50-A768-48B9C3CA6E0F}.Release|Any CPU.Build.0 = Release|Any CPU
		{C4E60BEC-66F8-4CAA-9C31-51016DA197F0}.Debug|Any CPU.ActiveCfg = Debug|Any CPU
		{C4E60BEC-66F8-4CAA-9C31-51016DA197F0}.Debug|Any CPU.Build.0 = Debug|Any CPU
		{C4E60BEC-66F8-4CAA-9C31-51016DA197F0}.Release|Any CPU.ActiveCfg = Release|Any CPU
		{C4E60BEC-66F8-4CAA-9C31-51016DA197F0}.Release|Any CPU.Build.0 = Release|Any CPU
		{96CA82E5-2954-4018-9856-84FC505828F9}.Debug|Any CPU.ActiveCfg = Debug|Any CPU
		{96CA82E5-2954-4018-9856-84FC505828F9}.Debug|Any CPU.Build.0 = Debug|Any CPU
		{96CA82E5-2954-4018-9856-84FC505828F9}.Release|Any CPU.ActiveCfg = Release|Any CPU
		{96CA82E5-2954-4018-9856-84FC505828F9}.Release|Any CPU.Build.0 = Release|Any CPU
		{BBE68064-EE1D-46BA-843C-E0C8152A32CB}.Debug|Any CPU.ActiveCfg = Debug|Any CPU
		{BBE68064-EE1D-46BA-843C-E0C8152A32CB}.Debug|Any CPU.Build.0 = Debug|Any CPU
		{BBE68064-EE1D-46BA-843C-E0C8152A32CB}.Release|Any CPU.ActiveCfg = Release|Any CPU
		{BBE68064-EE1D-46BA-843C-E0C8152A32CB}.Release|Any CPU.Build.0 = Release|Any CPU
		{9BF81659-2AC6-4DA8-8E2E-A597294C9C36}.Debug|Any CPU.ActiveCfg = Debug|Any CPU
		{9BF81659-2AC6-4DA8-8E2E-A597294C9C36}.Debug|Any CPU.Build.0 = Debug|Any CPU
		{9BF81659-2AC6-4DA8-8E2E-A597294C9C36}.Release|Any CPU.ActiveCfg = Release|Any CPU
		{9BF81659-2AC6-4DA8-8E2E-A597294C9C36}.Release|Any CPU.Build.0 = Release|Any CPU
		{A1DD399A-AC1B-4CAA-B0EA-9A5C2FA08E48}.Debug|Any CPU.ActiveCfg = Debug|Any CPU
		{A1DD399A-AC1B-4CAA-B0EA-9A5C2FA08E48}.Debug|Any CPU.Build.0 = Debug|Any CPU
		{A1DD399A-AC1B-4CAA-B0EA-9A5C2FA08E48}.Release|Any CPU.ActiveCfg = Release|Any CPU
		{A1DD399A-AC1B-4CAA-B0EA-9A5C2FA08E48}.Release|Any CPU.Build.0 = Release|Any CPU
		{88AC6CBE-FBDF-45FB-8F89-634D460CE008}.Debug|Any CPU.ActiveCfg = Debug|Any CPU
		{88AC6CBE-FBDF-45FB-8F89-634D460CE008}.Debug|Any CPU.Build.0 = Debug|Any CPU
		{88AC6CBE-FBDF-45FB-8F89-634D460CE008}.Release|Any CPU.ActiveCfg = Release|Any CPU
		{88AC6CBE-FBDF-45FB-8F89-634D460CE008}.Release|Any CPU.Build.0 = Release|Any CPU
		{13E3EB0C-80B7-4600-8BFA-777928E1934E}.Debug|Any CPU.ActiveCfg = Debug|Any CPU
		{13E3EB0C-80B7-4600-8BFA-777928E1934E}.Debug|Any CPU.Build.0 = Debug|Any CPU
		{13E3EB0C-80B7-4600-8BFA-777928E1934E}.Release|Any CPU.ActiveCfg = Release|Any CPU
		{13E3EB0C-80B7-4600-8BFA-777928E1934E}.Release|Any CPU.Build.0 = Release|Any CPU
		{F90F6CF5-C505-4411-93A9-90F1A2BA7D7D}.Debug|Any CPU.ActiveCfg = Debug|Any CPU
		{F90F6CF5-C505-4411-93A9-90F1A2BA7D7D}.Debug|Any CPU.Build.0 = Debug|Any CPU
		{F90F6CF5-C505-4411-93A9-90F1A2BA7D7D}.Release|Any CPU.ActiveCfg = Release|Any CPU
		{F90F6CF5-C505-4411-93A9-90F1A2BA7D7D}.Release|Any CPU.Build.0 = Release|Any CPU
		{F5AD5DF9-E118-40E8-AF74-16F52FC567C0}.Debug|Any CPU.ActiveCfg = Debug|Any CPU
		{F5AD5DF9-E118-40E8-AF74-16F52FC567C0}.Debug|Any CPU.Build.0 = Debug|Any CPU
		{F5AD5DF9-E118-40E8-AF74-16F52FC567C0}.Release|Any CPU.ActiveCfg = Release|Any CPU
		{F5AD5DF9-E118-40E8-AF74-16F52FC567C0}.Release|Any CPU.Build.0 = Release|Any CPU
		{785C74BE-62DA-4846-961D-FF3858A99265}.Debug|Any CPU.ActiveCfg = Debug|Any CPU
		{785C74BE-62DA-4846-961D-FF3858A99265}.Debug|Any CPU.Build.0 = Debug|Any CPU
		{785C74BE-62DA-4846-961D-FF3858A99265}.Release|Any CPU.ActiveCfg = Release|Any CPU
		{785C74BE-62DA-4846-961D-FF3858A99265}.Release|Any CPU.Build.0 = Release|Any CPU
		{A38FC2F0-553F-4787-8C5E-B0EEF197003A}.Debug|Any CPU.ActiveCfg = Debug|Any CPU
		{A38FC2F0-553F-4787-8C5E-B0EEF197003A}.Debug|Any CPU.Build.0 = Debug|Any CPU
		{A38FC2F0-553F-4787-8C5E-B0EEF197003A}.Release|Any CPU.ActiveCfg = Release|Any CPU
		{A38FC2F0-553F-4787-8C5E-B0EEF197003A}.Release|Any CPU.Build.0 = Release|Any CPU
		{10E3635E-3873-4D13-9903-C697FBA53E9A}.Debug|Any CPU.ActiveCfg = Debug|Any CPU
		{10E3635E-3873-4D13-9903-C697FBA53E9A}.Debug|Any CPU.Build.0 = Debug|Any CPU
		{10E3635E-3873-4D13-9903-C697FBA53E9A}.Release|Any CPU.ActiveCfg = Release|Any CPU
		{10E3635E-3873-4D13-9903-C697FBA53E9A}.Release|Any CPU.Build.0 = Release|Any CPU
		{6DF07C82-B762-4FB6-A27B-B55E7A5FCB90}.Debug|Any CPU.ActiveCfg = Debug|Any CPU
		{6DF07C82-B762-4FB6-A27B-B55E7A5FCB90}.Debug|Any CPU.Build.0 = Debug|Any CPU
		{6DF07C82-B762-4FB6-A27B-B55E7A5FCB90}.Release|Any CPU.ActiveCfg = Release|Any CPU
		{6DF07C82-B762-4FB6-A27B-B55E7A5FCB90}.Release|Any CPU.Build.0 = Release|Any CPU
		{7B583711-C669-42C7-9CB8-5095F55EEB68}.Debug|Any CPU.ActiveCfg = Debug|Any CPU
		{7B583711-C669-42C7-9CB8-5095F55EEB68}.Debug|Any CPU.Build.0 = Debug|Any CPU
		{7B583711-C669-42C7-9CB8-5095F55EEB68}.Release|Any CPU.ActiveCfg = Release|Any CPU
		{7B583711-C669-42C7-9CB8-5095F55EEB68}.Release|Any CPU.Build.0 = Release|Any CPU
	EndGlobalSection
	GlobalSection(NestedProjects) = preSolution
		{C3CB41FC-D777-48F9-A7F3-095F97862545} = {1FFC1EC1-B14E-4789-A50A-895DB7752F7C}
		{AB3B1751-494A-460C-864D-7BA1D062099E} = {1FFC1EC1-B14E-4789-A50A-895DB7752F7C}
		{7E936EBA-F7E1-4B51-9BD6-4D93EED6F728} = {1FFC1EC1-B14E-4789-A50A-895DB7752F7C}
		{3C05A3D4-B6F2-412C-B951-83B9A2DD1056} = {1FFC1EC1-B14E-4789-A50A-895DB7752F7C}
		{3380735E-FA81-4805-8C7C-A290D34E32E1} = {1FFC1EC1-B14E-4789-A50A-895DB7752F7C}
		{54EC3E2E-408E-4A13-8162-D9CD70BE2777} = {1FFC1EC1-B14E-4789-A50A-895DB7752F7C}
		{9D86FD28-BCEF-4C07-9F9D-9ECD5E554E0D} = {1FFC1EC1-B14E-4789-A50A-895DB7752F7C}
		{D0E5B560-A940-49A5-BFEC-B07D83134205} = {1FFC1EC1-B14E-4789-A50A-895DB7752F7C}
		{3A4AB2F0-073C-459F-9967-CD3EF9D4CA66} = {1FFC1EC1-B14E-4789-A50A-895DB7752F7C}
		{33E43008-FE95-48A2-8979-EC111BC8345A} = {1FFC1EC1-B14E-4789-A50A-895DB7752F7C}
		{211F2E80-19B4-4E24-AE1F-D904D068929D} = {1FFC1EC1-B14E-4789-A50A-895DB7752F7C}
		{7B96077F-2829-41BD-8EB1-0CD90A87AA37} = {1FFC1EC1-B14E-4789-A50A-895DB7752F7C}
		{989403E2-A953-40D1-B00A-0B9517929649} = {1FFC1EC1-B14E-4789-A50A-895DB7752F7C}
		{6F371B2C-CDAC-40FD-BDE2-368740EE33EF} = {1FFC1EC1-B14E-4789-A50A-895DB7752F7C}
		{AB041EE6-6DDF-4DD6-BFCF-08154CFDEA3B} = {AB3B1751-494A-460C-864D-7BA1D062099E}
		{F92EC480-32B6-47C0-8288-7D1B85426EB9} = {AB3B1751-494A-460C-864D-7BA1D062099E}
		{C7241536-D19E-4599-9F1D-E0428848C5BE} = {7E936EBA-F7E1-4B51-9BD6-4D93EED6F728}
		{A07BE2CF-37E8-469B-A153-BCC31BD8B1F9} = {3C05A3D4-B6F2-412C-B951-83B9A2DD1056}
		{0C32A40F-AC79-4F7E-8EC2-D7EE73AB9F5A} = {3C05A3D4-B6F2-412C-B951-83B9A2DD1056}
		{B6C8B1F2-AE75-4D7A-8DAC-2B5EEF7EBE41} = {3380735E-FA81-4805-8C7C-A290D34E32E1}
		{B438CDBD-C575-4F50-A768-48B9C3CA6E0F} = {3380735E-FA81-4805-8C7C-A290D34E32E1}
		{0BAC8C1D-9291-4185-9E4D-2604F148A7DC} = {54EC3E2E-408E-4A13-8162-D9CD70BE2777}
		{79F0A1BB-7F87-4FFD-A539-5C9D9FFE53DA} = {9D86FD28-BCEF-4C07-9F9D-9ECD5E554E0D}
		{AED7350C-9824-43EF-A8F6-6130689D0CE2} = {9D86FD28-BCEF-4C07-9F9D-9ECD5E554E0D}
		{C4E60BEC-66F8-4CAA-9C31-51016DA197F0} = {D0E5B560-A940-49A5-BFEC-B07D83134205}
		{96CA82E5-2954-4018-9856-84FC505828F9} = {D0E5B560-A940-49A5-BFEC-B07D83134205}
		{BBE68064-EE1D-46BA-843C-E0C8152A32CB} = {3A4AB2F0-073C-459F-9967-CD3EF9D4CA66}
		{9BF81659-2AC6-4DA8-8E2E-A597294C9C36} = {33E43008-FE95-48A2-8979-EC111BC8345A}
		{A1DD399A-AC1B-4CAA-B0EA-9A5C2FA08E48} = {33E43008-FE95-48A2-8979-EC111BC8345A}
		{88AC6CBE-FBDF-45FB-8F89-634D460CE008} = {33E43008-FE95-48A2-8979-EC111BC8345A}
		{13E3EB0C-80B7-4600-8BFA-777928E1934E} = {33E43008-FE95-48A2-8979-EC111BC8345A}
		{F90F6CF5-C505-4411-93A9-90F1A2BA7D7D} = {211F2E80-19B4-4E24-AE1F-D904D068929D}
		{F5AD5DF9-E118-40E8-AF74-16F52FC567C0} = {211F2E80-19B4-4E24-AE1F-D904D068929D}
		{785C74BE-62DA-4846-961D-FF3858A99265} = {7B96077F-2829-41BD-8EB1-0CD90A87AA37}
		{A38FC2F0-553F-4787-8C5E-B0EEF197003A} = {7B96077F-2829-41BD-8EB1-0CD90A87AA37}
		{10E3635E-3873-4D13-9903-C697FBA53E9A} = {989403E2-A953-40D1-B00A-0B9517929649}
		{6DF07C82-B762-4FB6-A27B-B55E7A5FCB90} = {989403E2-A953-40D1-B00A-0B9517929649}
		{7B583711-C669-42C7-9CB8-5095F55EEB68} = {6F371B2C-CDAC-40FD-BDE2-368740EE33EF}
	EndGlobalSection
EndGlobal
