
Microsoft Visual Studio Solution File, Format Version 11.00
# Visual Studio 2010
# SharpDevelop 4.4
Project("{2150E333-8FDC-42A3-9474-1A3956D46DE8}") = "NET35", "NET35", "{4BAC52D8-819F-45B9-9591-EA8E2094FD82}"
	ProjectSection(SolutionItems) = postProject
	EndProjectSection
EndProject
Project("{FAE04EC0-301F-11D3-BF4B-00C04F79EFBC}") = "System.Cor3.Data-Net20", "..\Source\Cor3.Data\System.Cor3.Data-Net20.csproj", "{49FA2FBA-6F1D-4B8A-97FE-570F0F8F3B1E}"
EndProject
Project("{FAE04EC0-301F-11D3-BF4B-00C04F79EFBC}") = "System.Cor3-Net20", "..\Source\Cor3.Core\System.Cor3-Net20.csproj", "{A2CF282B-96A1-4B49-AAA2-4E3711F7D8A3}"
EndProject
Project("{FAE04EC0-301F-11D3-BF4B-00C04F79EFBC}") = "System.Cor3.Forms-Net35", "..\Source\Cor3.Forms\System.Cor3.Forms-Net35.csproj", "{695D90E7-4BB4-40CF-A205-C2CB4BEA86F6}"
EndProject
Project("{2150E333-8FDC-42A3-9474-1A3956D46DE8}") = "NET40", "NET40", "{FA2E76ED-477D-4F45-A1AE-49FA9251AE7F}"
	ProjectSection(SolutionItems) = postProject
	EndProjectSection
EndProject
Project("{FAE04EC0-301F-11D3-BF4B-00C04F79EFBC}") = "System.Cor3.Data-Net40", "..\Source\Cor3.Data\System.Cor3.Data-Net40.csproj", "{BBAA461E-C30E-460B-BA30-0F6A8FDF7B78}"
EndProject
Project("{FAE04EC0-301F-11D3-BF4B-00C04F79EFBC}") = "System.Cor3-Net40", "..\Source\Cor3.Core\System.Cor3-Net40.csproj", "{4549918E-94E0-4911-BBBA-99838A215302}"
EndProject
Project("{FAE04EC0-301F-11D3-BF4B-00C04F79EFBC}") = "System.Cor3.Forms-Net40", "..\Source\Cor3.Forms\System.Cor3.Forms-Net40.csproj", "{85AB9D2D-26E2-4536-B01C-8BA24E1F4615}"
EndProject
Project("{2150E333-8FDC-42A3-9474-1A3956D46DE8}") = "Task-Console", "Task-Console", "{C6BE9F8D-B283-49FE-98E3-1E3FF13D414A}"
	ProjectSection(SolutionItems) = postProject
	EndProjectSection
EndProject
Project("{FAE04EC0-301F-11D3-BF4B-00C04F79EFBC}") = "PdfCat", "..\Source-Console\PdfCat\PdfCat.csproj", "{4C3B57F8-B61B-41FC-BAB7-0099D0DA918D}"
EndProject
Project("{2150E333-8FDC-42A3-9474-1A3956D46DE8}") = "NET40-App-FeedTool", "NET40-App-FeedTool", "{05C26A44-1D03-49A6-9C5F-1A8BB3E43ED4}"
	ProjectSection(SolutionItems) = postProject
	EndProjectSection
EndProject
Project("{FAE04EC0-301F-11D3-BF4B-00C04F79EFBC}") = "FeedTool", "..\Source-AppForms\FeedTool\FeedTool.csproj", "{80DB03AC-D59A-42F2-9103-0B3219DDA529}"
EndProject
Project("{FAE04EC0-301F-11D3-BF4B-00C04F79EFBC}") = "FeedTool-WPF", "..\Source-AppWpf\FeedTool\FeedTool-WPF.csproj", "{CBBC2882-DE81-4199-8A76-1A5156DBA819}"
EndProject
Global
	GlobalSection(SolutionConfigurationPlatforms) = preSolution
		Debug|Any CPU = Debug|Any CPU
		Release|Any CPU = Release|Any CPU
	EndGlobalSection
	GlobalSection(ProjectConfigurationPlatforms) = postSolution
		{A2CF282B-96A1-4B49-AAA2-4E3711F7D8A3}.Debug|Any CPU.ActiveCfg = Debug|Any CPU
		{A2CF282B-96A1-4B49-AAA2-4E3711F7D8A3}.Debug|Any CPU.Build.0 = Debug|Any CPU
		{A2CF282B-96A1-4B49-AAA2-4E3711F7D8A3}.Release|Any CPU.ActiveCfg = Release|Any CPU
		{A2CF282B-96A1-4B49-AAA2-4E3711F7D8A3}.Release|Any CPU.Build.0 = Release|Any CPU
		{4549918E-94E0-4911-BBBA-99838A215302}.Debug|Any CPU.ActiveCfg = Debug|Any CPU
		{4549918E-94E0-4911-BBBA-99838A215302}.Debug|Any CPU.Build.0 = Debug|Any CPU
		{4549918E-94E0-4911-BBBA-99838A215302}.Release|Any CPU.ActiveCfg = Release|Any CPU
		{4549918E-94E0-4911-BBBA-99838A215302}.Release|Any CPU.Build.0 = Release|Any CPU
		{49FA2FBA-6F1D-4B8A-97FE-570F0F8F3B1E}.Debug|Any CPU.Build.0 = Debug|Any CPU
		{49FA2FBA-6F1D-4B8A-97FE-570F0F8F3B1E}.Debug|Any CPU.ActiveCfg = Debug|Any CPU
		{49FA2FBA-6F1D-4B8A-97FE-570F0F8F3B1E}.Release|Any CPU.Build.0 = Release|Any CPU
		{49FA2FBA-6F1D-4B8A-97FE-570F0F8F3B1E}.Release|Any CPU.ActiveCfg = Release|Any CPU
		{BBAA461E-C30E-460B-BA30-0F6A8FDF7B78}.Debug|Any CPU.Build.0 = Debug|Any CPU
		{BBAA461E-C30E-460B-BA30-0F6A8FDF7B78}.Debug|Any CPU.ActiveCfg = Debug|Any CPU
		{BBAA461E-C30E-460B-BA30-0F6A8FDF7B78}.Release|Any CPU.Build.0 = Release|Any CPU
		{BBAA461E-C30E-460B-BA30-0F6A8FDF7B78}.Release|Any CPU.ActiveCfg = Release|Any CPU
		{4C3B57F8-B61B-41FC-BAB7-0099D0DA918D}.Debug|Any CPU.Build.0 = Debug|Any CPU
		{4C3B57F8-B61B-41FC-BAB7-0099D0DA918D}.Debug|Any CPU.ActiveCfg = Debug|Any CPU
		{4C3B57F8-B61B-41FC-BAB7-0099D0DA918D}.Release|Any CPU.Build.0 = Release|Any CPU
		{4C3B57F8-B61B-41FC-BAB7-0099D0DA918D}.Release|Any CPU.ActiveCfg = Release|Any CPU
		{80DB03AC-D59A-42F2-9103-0B3219DDA529}.Debug|Any CPU.Build.0 = Debug|Any CPU
		{80DB03AC-D59A-42F2-9103-0B3219DDA529}.Debug|Any CPU.ActiveCfg = Debug|Any CPU
		{80DB03AC-D59A-42F2-9103-0B3219DDA529}.Release|Any CPU.Build.0 = Release|Any CPU
		{80DB03AC-D59A-42F2-9103-0B3219DDA529}.Release|Any CPU.ActiveCfg = Release|Any CPU
		{85AB9D2D-26E2-4536-B01C-8BA24E1F4615}.Debug|Any CPU.Build.0 = Debug|Any CPU
		{85AB9D2D-26E2-4536-B01C-8BA24E1F4615}.Debug|Any CPU.ActiveCfg = Debug|Any CPU
		{85AB9D2D-26E2-4536-B01C-8BA24E1F4615}.Release|Any CPU.Build.0 = Release|Any CPU
		{85AB9D2D-26E2-4536-B01C-8BA24E1F4615}.Release|Any CPU.ActiveCfg = Release|Any CPU
		{695D90E7-4BB4-40CF-A205-C2CB4BEA86F6}.Debug|Any CPU.Build.0 = Debug|Any CPU
		{695D90E7-4BB4-40CF-A205-C2CB4BEA86F6}.Debug|Any CPU.ActiveCfg = Debug|Any CPU
		{695D90E7-4BB4-40CF-A205-C2CB4BEA86F6}.Release|Any CPU.Build.0 = Release|Any CPU
		{695D90E7-4BB4-40CF-A205-C2CB4BEA86F6}.Release|Any CPU.ActiveCfg = Release|Any CPU
		{CBBC2882-DE81-4199-8A76-1A5156DBA819}.Debug|Any CPU.Build.0 = Debug|Any CPU
		{CBBC2882-DE81-4199-8A76-1A5156DBA819}.Debug|Any CPU.ActiveCfg = Debug|Any CPU
		{CBBC2882-DE81-4199-8A76-1A5156DBA819}.Release|Any CPU.Build.0 = Release|Any CPU
		{CBBC2882-DE81-4199-8A76-1A5156DBA819}.Release|Any CPU.ActiveCfg = Release|Any CPU
	EndGlobalSection
	GlobalSection(NestedProjects) = preSolution
		{49FA2FBA-6F1D-4B8A-97FE-570F0F8F3B1E} = {4BAC52D8-819F-45B9-9591-EA8E2094FD82}
		{A2CF282B-96A1-4B49-AAA2-4E3711F7D8A3} = {4BAC52D8-819F-45B9-9591-EA8E2094FD82}
		{695D90E7-4BB4-40CF-A205-C2CB4BEA86F6} = {4BAC52D8-819F-45B9-9591-EA8E2094FD82}
		{BBAA461E-C30E-460B-BA30-0F6A8FDF7B78} = {FA2E76ED-477D-4F45-A1AE-49FA9251AE7F}
		{4549918E-94E0-4911-BBBA-99838A215302} = {FA2E76ED-477D-4F45-A1AE-49FA9251AE7F}
		{85AB9D2D-26E2-4536-B01C-8BA24E1F4615} = {FA2E76ED-477D-4F45-A1AE-49FA9251AE7F}
		{4C3B57F8-B61B-41FC-BAB7-0099D0DA918D} = {C6BE9F8D-B283-49FE-98E3-1E3FF13D414A}
		{80DB03AC-D59A-42F2-9103-0B3219DDA529} = {05C26A44-1D03-49A6-9C5F-1A8BB3E43ED4}
	EndGlobalSection
EndGlobal
